
Microsoft Visual Studio Solution File, Format Version 12.00
# Visual Studio Version 17
VisualStudioVersion = 17.0.32112.339
MinimumVisualStudioVersion = 10.0.40219.1
Project("{9A19103F-16F7-4668-BE54-9A1E7A4F7556}") = "Models", "Model\Models.csproj", "{21E3E971-83D5-4017-B238-1D6BEBE0C08E}"
EndProject
Project("{9A19103F-16F7-4668-BE54-9A1E7A4F7556}") = "Commons", "Commons\Commons.csproj", "{1E2549E0-E566-4E12-AD03-19D7B99C3E2E}"
EndProject
Project("{9A19103F-16F7-4668-BE54-9A1E7A4F7556}") = "Data", "Data\Data.csproj", "{9758BF30-35FB-4904-A34C-57238577734E}"
EndProject
Project("{9A19103F-16F7-4668-BE54-9A1E7A4F7556}") = "Core", "Core\Core.csproj", "{29DFB58C-475A-46E2-9AE4-F0041F0946E7}"
EndProject
Project("{FAE04EC0-301F-11D3-BF4B-00C04F79EFBC}") = "VotingApp", "VotingApp\VotingApp.csproj", "{7078381D-D6F8-4211-A1ED-DCB87C025AE8}"
EndProject
Global
	GlobalSection(SolutionConfigurationPlatforms) = preSolution
		Debug|Any CPU = Debug|Any CPU
		Release|Any CPU = Release|Any CPU
	EndGlobalSection
	GlobalSection(ProjectConfigurationPlatforms) = postSolution
		{21E3E971-83D5-4017-B238-1D6BEBE0C08E}.Debug|Any CPU.ActiveCfg = Debug|Any CPU
		{21E3E971-83D5-4017-B238-1D6BEBE0C08E}.Debug|Any CPU.Build.0 = Debug|Any CPU
		{21E3E971-83D5-4017-B238-1D6BEBE0C08E}.Release|Any CPU.ActiveCfg = Release|Any CPU
		{21E3E971-83D5-4017-B238-1D6BEBE0C08E}.Release|Any CPU.Build.0 = Release|Any CPU
		{1E2549E0-E566-4E12-AD03-19D7B99C3E2E}.Debug|Any CPU.ActiveCfg = Debug|Any CPU
		{1E2549E0-E566-4E12-AD03-19D7B99C3E2E}.Debug|Any CPU.Build.0 = Debug|Any CPU
		{1E2549E0-E566-4E12-AD03-19D7B99C3E2E}.Release|Any CPU.ActiveCfg = Release|Any CPU
		{1E2549E0-E566-4E12-AD03-19D7B99C3E2E}.Release|Any CPU.Build.0 = Release|Any CPU
		{9758BF30-35FB-4904-A34C-57238577734E}.Debug|Any CPU.ActiveCfg = Debug|Any CPU
		{9758BF30-35FB-4904-A34C-57238577734E}.Debug|Any CPU.Build.0 = Debug|Any CPU
		{9758BF30-35FB-4904-A34C-57238577734E}.Release|Any CPU.ActiveCfg = Release|Any CPU
		{9758BF30-35FB-4904-A34C-57238577734E}.Release|Any CPU.Build.0 = Release|Any CPU
		{29DFB58C-475A-46E2-9AE4-F0041F0946E7}.Debug|Any CPU.ActiveCfg = Debug|Any CPU
		{29DFB58C-475A-46E2-9AE4-F0041F0946E7}.Debug|Any CPU.Build.0 = Debug|Any CPU
		{29DFB58C-475A-46E2-9AE4-F0041F0946E7}.Release|Any CPU.ActiveCfg = Release|Any CPU
		{29DFB58C-475A-46E2-9AE4-F0041F0946E7}.Release|Any CPU.Build.0 = Release|Any CPU
		{7078381D-D6F8-4211-A1ED-DCB87C025AE8}.Debug|Any CPU.ActiveCfg = Debug|Any CPU
		{7078381D-D6F8-4211-A1ED-DCB87C025AE8}.Debug|Any CPU.Build.0 = Debug|Any CPU
		{7078381D-D6F8-4211-A1ED-DCB87C025AE8}.Release|Any CPU.ActiveCfg = Release|Any CPU
		{7078381D-D6F8-4211-A1ED-DCB87C025AE8}.Release|Any CPU.Build.0 = Release|Any CPU
	EndGlobalSection
	GlobalSection(SolutionProperties) = preSolution
		HideSolutionNode = FALSE
	EndGlobalSection
	GlobalSection(ExtensibilityGlobals) = postSolution
		SolutionGuid = {F6B69613-1922-487C-8407-7CACC31A30A3}
	EndGlobalSection
EndGlobal
